
Microsoft Visual Studio Solution File, Format Version 12.00
# Visual Studio Version 17
VisualStudioVersion = 17.11.35219.272
MinimumVisualStudioVersion = 10.0.40219.1
Project("{FAE04EC0-301F-11D3-BF4B-00C04F79EFBC}") = "Multi Tool Cmd", "Multi Tool Cmd\Multi Tool Cmd.csproj", "{C276FFDD-0472-473A-810C-0EAA8958D0D1}"
EndProject
Global
	GlobalSection(SolutionConfigurationPlatforms) = preSolution
		Debug|Any CPU = Debug|Any CPU
		Release|Any CPU = Release|Any CPU
	EndGlobalSection
	GlobalSection(ProjectConfigurationPlatforms) = postSolution
		{C276FFDD-0472-473A-810C-0EAA8958D0D1}.Debug|Any CPU.ActiveCfg = Debug|Any CPU
		{C276FFDD-0472-473A-810C-0EAA8958D0D1}.Debug|Any CPU.Build.0 = Debug|Any CPU
		{C276FFDD-0472-473A-810C-0EAA8958D0D1}.Release|Any CPU.ActiveCfg = Release|Any CPU
		{C276FFDD-0472-473A-810C-0EAA8958D0D1}.Release|Any CPU.Build.0 = Release|Any CPU
	EndGlobalSection
	GlobalSection(SolutionProperties) = preSolution
		HideSolutionNode = FALSE
	EndGlobalSection
	GlobalSection(ExtensibilityGlobals) = postSolution
		SolutionGuid = {9DB8A64A-A1D2-4FBE-A560-90C5DA53EC52}
	EndGlobalSection
EndGlobal
